// !$*UTF8*$!
{
	archiveVersion = 1;
	classes = {
	};
	objectVersion = 51;
	objects = {

/* Begin PBXBuildFile section */
		2EAA473EB016ED5B6FFD22DF /* Pods_youtubeApp.framework in Frameworks */ = {isa = PBXBuildFile; fileRef = 69680298DBA83B3640B4532E /* Pods_youtubeApp.framework */; };
		A918CAD9679CBBAC52A2FC3F /* Pods_youtubeAppTests.framework in Frameworks */ = {isa = PBXBuildFile; fileRef = D240D2BC3E253ECAFBACF086 /* Pods_youtubeAppTests.framework */; };
		D3D085E4C4AB0881CCDFDC42 /* Pods_youtubeApp_youtubeAppUITests.framework in Frameworks */ = {isa = PBXBuildFile; fileRef = 84D801D542B564B3B65DB833 /* Pods_youtubeApp_youtubeAppUITests.framework */; };
		E26EDBB525010D500081EB45 /* Response.swift in Sources */ = {isa = PBXBuildFile; fileRef = E26EDBB425010D500081EB45 /* Response.swift */; };
		E26EDBB7250349050081EB45 /* VideoTableViewCell.swift in Sources */ = {isa = PBXBuildFile; fileRef = E26EDBB6250349050081EB45 /* VideoTableViewCell.swift */; };
		E26EDBBF25035DB30081EB45 /* CasheManager.swift in Sources */ = {isa = PBXBuildFile; fileRef = E26EDBBE25035DB30081EB45 /* CasheManager.swift */; };
		E26EDBC1250362A20081EB45 /* DetailViewController.swift in Sources */ = {isa = PBXBuildFile; fileRef = E26EDBC0250362A20081EB45 /* DetailViewController.swift */; };
		E26EDBC425036CD00081EB45 /* WebKit.framework in Frameworks */ = {isa = PBXBuildFile; fileRef = E26EDBC325036CD00081EB45 /* WebKit.framework */; };
		E26EDC49250F4C8B0081EB45 /* SignUpViewController.swift in Sources */ = {isa = PBXBuildFile; fileRef = E26EDC48250F4C8B0081EB45 /* SignUpViewController.swift */; };
		E26EDC4B250F4C9A0081EB45 /* LogInViewController.swift in Sources */ = {isa = PBXBuildFile; fileRef = E26EDC4A250F4C9A0081EB45 /* LogInViewController.swift */; };
		E26EDC4D250F99960081EB45 /* HomeViewController.swift in Sources */ = {isa = PBXBuildFile; fileRef = E26EDC4C250F99960081EB45 /* HomeViewController.swift */; };
		E26EDC4F2510866A0081EB45 /* Utilities.swift in Sources */ = {isa = PBXBuildFile; fileRef = E26EDC4E2510866A0081EB45 /* Utilities.swift */; };
		E26EDC512511CBD90081EB45 /* GoogleService-Info.plist in Resources */ = {isa = PBXBuildFile; fileRef = E26EDC502511CBD90081EB45 /* GoogleService-Info.plist */; };
		E2BDEB9924FF625900E6F837 /* AppDelegate.swift in Sources */ = {isa = PBXBuildFile; fileRef = E2BDEB9824FF625900E6F837 /* AppDelegate.swift */; };
		E2BDEB9B24FF625900E6F837 /* SceneDelegate.swift in Sources */ = {isa = PBXBuildFile; fileRef = E2BDEB9A24FF625900E6F837 /* SceneDelegate.swift */; };
		E2BDEB9D24FF625900E6F837 /* ViewController.swift in Sources */ = {isa = PBXBuildFile; fileRef = E2BDEB9C24FF625900E6F837 /* ViewController.swift */; };
		E2BDEBA024FF625900E6F837 /* Main.storyboard in Resources */ = {isa = PBXBuildFile; fileRef = E2BDEB9E24FF625900E6F837 /* Main.storyboard */; };
		E2BDEBA224FF625B00E6F837 /* Assets.xcassets in Resources */ = {isa = PBXBuildFile; fileRef = E2BDEBA124FF625B00E6F837 /* Assets.xcassets */; };
		E2BDEBA524FF625B00E6F837 /* LaunchScreen.storyboard in Resources */ = {isa = PBXBuildFile; fileRef = E2BDEBA324FF625B00E6F837 /* LaunchScreen.storyboard */; };
		E2BDEBB024FF625B00E6F837 /* youtubeAppTests.swift in Sources */ = {isa = PBXBuildFile; fileRef = E2BDEBAF24FF625B00E6F837 /* youtubeAppTests.swift */; };
		E2BDEBBB24FF625B00E6F837 /* youtubeAppUITests.swift in Sources */ = {isa = PBXBuildFile; fileRef = E2BDEBBA24FF625B00E6F837 /* youtubeAppUITests.swift */; };
		E2BDEBC92500E11500E6F837 /* Constants.swift in Sources */ = {isa = PBXBuildFile; fileRef = E2BDEBC82500E11500E6F837 /* Constants.swift */; };
		E2BDEBCB2500E34700E6F837 /* Video.swift in Sources */ = {isa = PBXBuildFile; fileRef = E2BDEBCA2500E34700E6F837 /* Video.swift */; };
		E2BDEBCD2500E38900E6F837 /* Model.swift in Sources */ = {isa = PBXBuildFile; fileRef = E2BDEBCC2500E38900E6F837 /* Model.swift */; };
/* End PBXBuildFile section */

/* Begin PBXContainerItemProxy section */
		E2BDEBAC24FF625B00E6F837 /* PBXContainerItemProxy */ = {
			isa = PBXContainerItemProxy;
			containerPortal = E2BDEB8D24FF625900E6F837 /* Project object */;
			proxyType = 1;
			remoteGlobalIDString = E2BDEB9424FF625900E6F837;
			remoteInfo = youtubeApp;
		};
		E2BDEBB724FF625B00E6F837 /* PBXContainerItemProxy */ = {
			isa = PBXContainerItemProxy;
			containerPortal = E2BDEB8D24FF625900E6F837 /* Project object */;
			proxyType = 1;
			remoteGlobalIDString = E2BDEB9424FF625900E6F837;
			remoteInfo = youtubeApp;
		};
/* End PBXContainerItemProxy section */

/* Begin PBXFileReference section */
		0989018D60E6880E827D8077 /* Pods-youtubeApp.debug.xcconfig */ = {isa = PBXFileReference; includeInIndex = 1; lastKnownFileType = text.xcconfig; name = "Pods-youtubeApp.debug.xcconfig"; path = "Target Support Files/Pods-youtubeApp/Pods-youtubeApp.debug.xcconfig"; sourceTree = "<group>"; };
		31ED92E1238D57F2A391B664 /* Pods-youtubeApp.release.xcconfig */ = {isa = PBXFileReference; includeInIndex = 1; lastKnownFileType = text.xcconfig; name = "Pods-youtubeApp.release.xcconfig"; path = "Target Support Files/Pods-youtubeApp/Pods-youtubeApp.release.xcconfig"; sourceTree = "<group>"; };
		5CE1887F439B9D935BC6BA86 /* Pods-youtubeApp-youtubeAppUITests.release.xcconfig */ = {isa = PBXFileReference; includeInIndex = 1; lastKnownFileType = text.xcconfig; name = "Pods-youtubeApp-youtubeAppUITests.release.xcconfig"; path = "Target Support Files/Pods-youtubeApp-youtubeAppUITests/Pods-youtubeApp-youtubeAppUITests.release.xcconfig"; sourceTree = "<group>"; };
		69680298DBA83B3640B4532E /* Pods_youtubeApp.framework */ = {isa = PBXFileReference; explicitFileType = wrapper.framework; includeInIndex = 0; path = Pods_youtubeApp.framework; sourceTree = BUILT_PRODUCTS_DIR; };
		84D801D542B564B3B65DB833 /* Pods_youtubeApp_youtubeAppUITests.framework */ = {isa = PBXFileReference; explicitFileType = wrapper.framework; includeInIndex = 0; path = Pods_youtubeApp_youtubeAppUITests.framework; sourceTree = BUILT_PRODUCTS_DIR; };
		A48A058C0EAB8D0C46FC4B3B /* Pods-youtubeAppTests.release.xcconfig */ = {isa = PBXFileReference; includeInIndex = 1; lastKnownFileType = text.xcconfig; name = "Pods-youtubeAppTests.release.xcconfig"; path = "Target Support Files/Pods-youtubeAppTests/Pods-youtubeAppTests.release.xcconfig"; sourceTree = "<group>"; };
		BA6ABB6C7A8303137F01A794 /* Pods-youtubeAppTests.debug.xcconfig */ = {isa = PBXFileReference; includeInIndex = 1; lastKnownFileType = text.xcconfig; name = "Pods-youtubeAppTests.debug.xcconfig"; path = "Target Support Files/Pods-youtubeAppTests/Pods-youtubeAppTests.debug.xcconfig"; sourceTree = "<group>"; };
		BAFB476F4EE324FF9EE91FBF /* Pods-youtubeApp-youtubeAppUITests.debug.xcconfig */ = {isa = PBXFileReference; includeInIndex = 1; lastKnownFileType = text.xcconfig; name = "Pods-youtubeApp-youtubeAppUITests.debug.xcconfig"; path = "Target Support Files/Pods-youtubeApp-youtubeAppUITests/Pods-youtubeApp-youtubeAppUITests.debug.xcconfig"; sourceTree = "<group>"; };
		D240D2BC3E253ECAFBACF086 /* Pods_youtubeAppTests.framework */ = {isa = PBXFileReference; explicitFileType = wrapper.framework; includeInIndex = 0; path = Pods_youtubeAppTests.framework; sourceTree = BUILT_PRODUCTS_DIR; };
		E26EDBB425010D500081EB45 /* Response.swift */ = {isa = PBXFileReference; lastKnownFileType = sourcecode.swift; path = Response.swift; sourceTree = "<group>"; };
		E26EDBB6250349050081EB45 /* VideoTableViewCell.swift */ = {isa = PBXFileReference; lastKnownFileType = sourcecode.swift; path = VideoTableViewCell.swift; sourceTree = "<group>"; };
		E26EDBBE25035DB30081EB45 /* CasheManager.swift */ = {isa = PBXFileReference; lastKnownFileType = sourcecode.swift; path = CasheManager.swift; sourceTree = "<group>"; };
		E26EDBC0250362A20081EB45 /* DetailViewController.swift */ = {isa = PBXFileReference; lastKnownFileType = sourcecode.swift; path = DetailViewController.swift; sourceTree = "<group>"; };
		E26EDBC325036CD00081EB45 /* WebKit.framework */ = {isa = PBXFileReference; lastKnownFileType = wrapper.framework; name = WebKit.framework; path = System/Library/Frameworks/WebKit.framework; sourceTree = SDKROOT; };
		E26EDC48250F4C8B0081EB45 /* SignUpViewController.swift */ = {isa = PBXFileReference; lastKnownFileType = sourcecode.swift; path = SignUpViewController.swift; sourceTree = "<group>"; };
		E26EDC4A250F4C9A0081EB45 /* LogInViewController.swift */ = {isa = PBXFileReference; lastKnownFileType = sourcecode.swift; path = LogInViewController.swift; sourceTree = "<group>"; };
		E26EDC4C250F99960081EB45 /* HomeViewController.swift */ = {isa = PBXFileReference; lastKnownFileType = sourcecode.swift; path = HomeViewController.swift; sourceTree = "<group>"; };
		E26EDC4E2510866A0081EB45 /* Utilities.swift */ = {isa = PBXFileReference; lastKnownFileType = sourcecode.swift; path = Utilities.swift; sourceTree = "<group>"; };
		E26EDC502511CBD90081EB45 /* GoogleService-Info.plist */ = {isa = PBXFileReference; fileEncoding = 4; lastKnownFileType = text.plist.xml; path = "GoogleService-Info.plist"; sourceTree = "<group>"; };
		E2BDEB9524FF625900E6F837 /* youtubeApp.app */ = {isa = PBXFileReference; explicitFileType = wrapper.application; includeInIndex = 0; path = youtubeApp.app; sourceTree = BUILT_PRODUCTS_DIR; };
		E2BDEB9824FF625900E6F837 /* AppDelegate.swift */ = {isa = PBXFileReference; lastKnownFileType = sourcecode.swift; path = AppDelegate.swift; sourceTree = "<group>"; };
		E2BDEB9A24FF625900E6F837 /* SceneDelegate.swift */ = {isa = PBXFileReference; lastKnownFileType = sourcecode.swift; path = SceneDelegate.swift; sourceTree = "<group>"; };
		E2BDEB9C24FF625900E6F837 /* ViewController.swift */ = {isa = PBXFileReference; lastKnownFileType = sourcecode.swift; path = ViewController.swift; sourceTree = "<group>"; };
		E2BDEB9F24FF625900E6F837 /* Base */ = {isa = PBXFileReference; lastKnownFileType = file.storyboard; name = Base; path = Base.lproj/Main.storyboard; sourceTree = "<group>"; };
		E2BDEBA124FF625B00E6F837 /* Assets.xcassets */ = {isa = PBXFileReference; lastKnownFileType = folder.assetcatalog; path = Assets.xcassets; sourceTree = "<group>"; };
		E2BDEBA424FF625B00E6F837 /* Base */ = {isa = PBXFileReference; lastKnownFileType = file.storyboard; name = Base; path = Base.lproj/LaunchScreen.storyboard; sourceTree = "<group>"; };
		E2BDEBA624FF625B00E6F837 /* Info.plist */ = {isa = PBXFileReference; lastKnownFileType = text.plist.xml; path = Info.plist; sourceTree = "<group>"; };
		E2BDEBAB24FF625B00E6F837 /* youtubeAppTests.xctest */ = {isa = PBXFileReference; explicitFileType = wrapper.cfbundle; includeInIndex = 0; path = youtubeAppTests.xctest; sourceTree = BUILT_PRODUCTS_DIR; };
		E2BDEBAF24FF625B00E6F837 /* youtubeAppTests.swift */ = {isa = PBXFileReference; lastKnownFileType = sourcecode.swift; path = youtubeAppTests.swift; sourceTree = "<group>"; };
		E2BDEBB124FF625B00E6F837 /* Info.plist */ = {isa = PBXFileReference; lastKnownFileType = text.plist.xml; path = Info.plist; sourceTree = "<group>"; };
		E2BDEBB624FF625B00E6F837 /* youtubeAppUITests.xctest */ = {isa = PBXFileReference; explicitFileType = wrapper.cfbundle; includeInIndex = 0; path = youtubeAppUITests.xctest; sourceTree = BUILT_PRODUCTS_DIR; };
		E2BDEBBA24FF625B00E6F837 /* youtubeAppUITests.swift */ = {isa = PBXFileReference; lastKnownFileType = sourcecode.swift; path = youtubeAppUITests.swift; sourceTree = "<group>"; };
		E2BDEBBC24FF625B00E6F837 /* Info.plist */ = {isa = PBXFileReference; lastKnownFileType = text.plist.xml; path = Info.plist; sourceTree = "<group>"; };
		E2BDEBC82500E11500E6F837 /* Constants.swift */ = {isa = PBXFileReference; lastKnownFileType = sourcecode.swift; name = Constants.swift; path = ../Constants.swift; sourceTree = "<group>"; };
		E2BDEBCA2500E34700E6F837 /* Video.swift */ = {isa = PBXFileReference; lastKnownFileType = sourcecode.swift; path = Video.swift; sourceTree = "<group>"; };
		E2BDEBCC2500E38900E6F837 /* Model.swift */ = {isa = PBXFileReference; lastKnownFileType = sourcecode.swift; path = Model.swift; sourceTree = "<group>"; };
/* End PBXFileReference section */

/* Begin PBXFrameworksBuildPhase section */
		E2BDEB9224FF625900E6F837 /* Frameworks */ = {
			isa = PBXFrameworksBuildPhase;
			buildActionMask = 2147483647;
			files = (
				E26EDBC425036CD00081EB45 /* WebKit.framework in Frameworks */,
				2EAA473EB016ED5B6FFD22DF /* Pods_youtubeApp.framework in Frameworks */,
			);
			runOnlyForDeploymentPostprocessing = 0;
		};
		E2BDEBA824FF625B00E6F837 /* Frameworks */ = {
			isa = PBXFrameworksBuildPhase;
			buildActionMask = 2147483647;
			files = (
				A918CAD9679CBBAC52A2FC3F /* Pods_youtubeAppTests.framework in Frameworks */,
			);
			runOnlyForDeploymentPostprocessing = 0;
		};
		E2BDEBB324FF625B00E6F837 /* Frameworks */ = {
			isa = PBXFrameworksBuildPhase;
			buildActionMask = 2147483647;
			files = (
				D3D085E4C4AB0881CCDFDC42 /* Pods_youtubeApp_youtubeAppUITests.framework in Frameworks */,
			);
			runOnlyForDeploymentPostprocessing = 0;
		};
/* End PBXFrameworksBuildPhase section */

/* Begin PBXGroup section */
		694C5E8529D1CC508B441F5F /* Pods */ = {
			isa = PBXGroup;
			children = (
				0989018D60E6880E827D8077 /* Pods-youtubeApp.debug.xcconfig */,
				31ED92E1238D57F2A391B664 /* Pods-youtubeApp.release.xcconfig */,
				BAFB476F4EE324FF9EE91FBF /* Pods-youtubeApp-youtubeAppUITests.debug.xcconfig */,
				5CE1887F439B9D935BC6BA86 /* Pods-youtubeApp-youtubeAppUITests.release.xcconfig */,
				BA6ABB6C7A8303137F01A794 /* Pods-youtubeAppTests.debug.xcconfig */,
				A48A058C0EAB8D0C46FC4B3B /* Pods-youtubeAppTests.release.xcconfig */,
			);
			path = Pods;
			sourceTree = "<group>";
		};
		E26EDBB82503490E0081EB45 /* Views */ = {
			isa = PBXGroup;
			children = (
				E26EDBB6250349050081EB45 /* VideoTableViewCell.swift */,
			);
			path = Views;
			sourceTree = "<group>";
		};
		E26EDBBA250349250081EB45 /* Storyboards */ = {
			isa = PBXGroup;
			children = (
				E2BDEB9E24FF625900E6F837 /* Main.storyboard */,
				E2BDEBA324FF625B00E6F837 /* LaunchScreen.storyboard */,
			);
			path = Storyboards;
			sourceTree = "<group>";
		};
		E26EDBBB250349310081EB45 /* Models */ = {
			isa = PBXGroup;
			children = (
				E2BDEBCC2500E38900E6F837 /* Model.swift */,
				E2BDEBCA2500E34700E6F837 /* Video.swift */,
				E26EDBB425010D500081EB45 /* Response.swift */,
			);
			path = Models;
			sourceTree = "<group>";
		};
		E26EDBBC250349410081EB45 /* ViewControllers */ = {
			isa = PBXGroup;
			children = (
				E26EDC47250F4C650081EB45 /* Login */,
				E2BDEB9C24FF625900E6F837 /* ViewController.swift */,
				E26EDBC0250362A20081EB45 /* DetailViewController.swift */,
			);
			path = ViewControllers;
			sourceTree = "<group>";
		};
		E26EDBBD2503497B0081EB45 /* Helper */ = {
			isa = PBXGroup;
			children = (
				E2BDEBC82500E11500E6F837 /* Constants.swift */,
				E26EDBBE25035DB30081EB45 /* CasheManager.swift */,
				E26EDC4E2510866A0081EB45 /* Utilities.swift */,
			);
			path = Helper;
			sourceTree = "<group>";
		};
		E26EDBC225036CD00081EB45 /* Frameworks */ = {
			isa = PBXGroup;
			children = (
				E26EDBC325036CD00081EB45 /* WebKit.framework */,
				69680298DBA83B3640B4532E /* Pods_youtubeApp.framework */,
				84D801D542B564B3B65DB833 /* Pods_youtubeApp_youtubeAppUITests.framework */,
				D240D2BC3E253ECAFBACF086 /* Pods_youtubeAppTests.framework */,
			);
			name = Frameworks;
			sourceTree = "<group>";
		};
		E26EDC47250F4C650081EB45 /* Login */ = {
			isa = PBXGroup;
			children = (
				E26EDC48250F4C8B0081EB45 /* SignUpViewController.swift */,
				E26EDC4C250F99960081EB45 /* HomeViewController.swift */,
				E26EDC4A250F4C9A0081EB45 /* LogInViewController.swift */,
			);
			path = Login;
			sourceTree = "<group>";
		};
		E2BDEB8C24FF625900E6F837 = {
			isa = PBXGroup;
			children = (
				E2BDEB9724FF625900E6F837 /* youtubeApp */,
				E2BDEBAE24FF625B00E6F837 /* youtubeAppTests */,
				E2BDEBB924FF625B00E6F837 /* youtubeAppUITests */,
				E2BDEB9624FF625900E6F837 /* Products */,
				E26EDBC225036CD00081EB45 /* Frameworks */,
				694C5E8529D1CC508B441F5F /* Pods */,
			);
			sourceTree = "<group>";
		};
		E2BDEB9624FF625900E6F837 /* Products */ = {
			isa = PBXGroup;
			children = (
				E2BDEB9524FF625900E6F837 /* youtubeApp.app */,
				E2BDEBAB24FF625B00E6F837 /* youtubeAppTests.xctest */,
				E2BDEBB624FF625B00E6F837 /* youtubeAppUITests.xctest */,
			);
			name = Products;
			sourceTree = "<group>";
		};
		E2BDEB9724FF625900E6F837 /* youtubeApp */ = {
			isa = PBXGroup;
			children = (
				E26EDBBD2503497B0081EB45 /* Helper */,
				E26EDBBB250349310081EB45 /* Models */,
				E26EDBBA250349250081EB45 /* Storyboards */,
				E26EDBB82503490E0081EB45 /* Views */,
				E26EDBBC250349410081EB45 /* ViewControllers */,
				E2BDEB9824FF625900E6F837 /* AppDelegate.swift */,
				E2BDEB9A24FF625900E6F837 /* SceneDelegate.swift */,
				E2BDEBA124FF625B00E6F837 /* Assets.xcassets */,
				E2BDEBA624FF625B00E6F837 /* Info.plist */,
				E26EDC502511CBD90081EB45 /* GoogleService-Info.plist */,
			);
			path = youtubeApp;
			sourceTree = "<group>";
		};
		E2BDEBAE24FF625B00E6F837 /* youtubeAppTests */ = {
			isa = PBXGroup;
			children = (
				E2BDEBAF24FF625B00E6F837 /* youtubeAppTests.swift */,
				E2BDEBB124FF625B00E6F837 /* Info.plist */,
			);
			path = youtubeAppTests;
			sourceTree = "<group>";
		};
		E2BDEBB924FF625B00E6F837 /* youtubeAppUITests */ = {
			isa = PBXGroup;
			children = (
				E2BDEBBA24FF625B00E6F837 /* youtubeAppUITests.swift */,
				E2BDEBBC24FF625B00E6F837 /* Info.plist */,
			);
			path = youtubeAppUITests;
			sourceTree = "<group>";
		};
/* End PBXGroup section */

/* Begin PBXNativeTarget section */
		E2BDEB9424FF625900E6F837 /* youtubeApp */ = {
			isa = PBXNativeTarget;
			buildConfigurationList = E2BDEBBF24FF625B00E6F837 /* Build configuration list for PBXNativeTarget "youtubeApp" */;
			buildPhases = (
				62A1F8EF01D2729B4E5D0519 /* [CP] Check Pods Manifest.lock */,
				E2BDEB9124FF625900E6F837 /* Sources */,
				E2BDEB9224FF625900E6F837 /* Frameworks */,
				E2BDEB9324FF625900E6F837 /* Resources */,
				34AC78FA478AFB59913907B2 /* [CP] Embed Pods Frameworks */,
			);
			buildRules = (
			);
			dependencies = (
			);
			name = youtubeApp;
			productName = youtubeApp;
			productReference = E2BDEB9524FF625900E6F837 /* youtubeApp.app */;
			productType = "com.apple.product-type.application";
		};
		E2BDEBAA24FF625B00E6F837 /* youtubeAppTests */ = {
			isa = PBXNativeTarget;
			buildConfigurationList = E2BDEBC224FF625B00E6F837 /* Build configuration list for PBXNativeTarget "youtubeAppTests" */;
			buildPhases = (
				86A8589BE72CC4454557C55D /* [CP] Check Pods Manifest.lock */,
				E2BDEBA724FF625B00E6F837 /* Sources */,
				E2BDEBA824FF625B00E6F837 /* Frameworks */,
				E2BDEBA924FF625B00E6F837 /* Resources */,
			);
			buildRules = (
			);
			dependencies = (
				E2BDEBAD24FF625B00E6F837 /* PBXTargetDependency */,
			);
			name = youtubeAppTests;
			productName = youtubeAppTests;
			productReference = E2BDEBAB24FF625B00E6F837 /* youtubeAppTests.xctest */;
			productType = "com.apple.product-type.bundle.unit-test";
		};
		E2BDEBB524FF625B00E6F837 /* youtubeAppUITests */ = {
			isa = PBXNativeTarget;
			buildConfigurationList = E2BDEBC524FF625B00E6F837 /* Build configuration list for PBXNativeTarget "youtubeAppUITests" */;
			buildPhases = (
				896BDC4E3D2E05BEAC97A7EE /* [CP] Check Pods Manifest.lock */,
				E2BDEBB224FF625B00E6F837 /* Sources */,
				E2BDEBB324FF625B00E6F837 /* Frameworks */,
				E2BDEBB424FF625B00E6F837 /* Resources */,
				12060DA1EA6C5EC320C1D714 /* [CP] Embed Pods Frameworks */,
			);
			buildRules = (
			);
			dependencies = (
				E2BDEBB824FF625B00E6F837 /* PBXTargetDependency */,
			);
			name = youtubeAppUITests;
			productName = youtubeAppUITests;
			productReference = E2BDEBB624FF625B00E6F837 /* youtubeAppUITests.xctest */;
			productType = "com.apple.product-type.bundle.ui-testing";
		};
/* End PBXNativeTarget section */

/* Begin PBXProject section */
		E2BDEB8D24FF625900E6F837 /* Project object */ = {
			isa = PBXProject;
			attributes = {
				LastSwiftUpdateCheck = 1160;
				LastUpgradeCheck = 1200;
				ORGANIZATIONNAME = Macintosh;
				TargetAttributes = {
					E2BDEB9424FF625900E6F837 = {
						CreatedOnToolsVersion = 11.6;
					};
					E2BDEBAA24FF625B00E6F837 = {
						CreatedOnToolsVersion = 11.6;
						TestTargetID = E2BDEB9424FF625900E6F837;
					};
					E2BDEBB524FF625B00E6F837 = {
						CreatedOnToolsVersion = 11.6;
						TestTargetID = E2BDEB9424FF625900E6F837;
					};
				};
			};
			buildConfigurationList = E2BDEB9024FF625900E6F837 /* Build configuration list for PBXProject "youtubeApp" */;
			compatibilityVersion = "Xcode 9.3";
			developmentRegion = en;
			hasScannedForEncodings = 0;
			knownRegions = (
				en,
				Base,
			);
			mainGroup = E2BDEB8C24FF625900E6F837;
			productRefGroup = E2BDEB9624FF625900E6F837 /* Products */;
			projectDirPath = "";
			projectRoot = "";
			targets = (
				E2BDEB9424FF625900E6F837 /* youtubeApp */,
				E2BDEBAA24FF625B00E6F837 /* youtubeAppTests */,
				E2BDEBB524FF625B00E6F837 /* youtubeAppUITests */,
			);
		};
/* End PBXProject section */

/* Begin PBXResourcesBuildPhase section */
		E2BDEB9324FF625900E6F837 /* Resources */ = {
			isa = PBXResourcesBuildPhase;
			buildActionMask = 2147483647;
			files = (
				E2BDEBA524FF625B00E6F837 /* LaunchScreen.storyboard in Resources */,
				E26EDC512511CBD90081EB45 /* GoogleService-Info.plist in Resources */,
				E2BDEBA224FF625B00E6F837 /* Assets.xcassets in Resources */,
				E2BDEBA024FF625900E6F837 /* Main.storyboard in Resources */,
			);
			runOnlyForDeploymentPostprocessing = 0;
		};
		E2BDEBA924FF625B00E6F837 /* Resources */ = {
			isa = PBXResourcesBuildPhase;
			buildActionMask = 2147483647;
			files = (
			);
			runOnlyForDeploymentPostprocessing = 0;
		};
		E2BDEBB424FF625B00E6F837 /* Resources */ = {
			isa = PBXResourcesBuildPhase;
			buildActionMask = 2147483647;
			files = (
			);
			runOnlyForDeploymentPostprocessing = 0;
		};
/* End PBXResourcesBuildPhase section */

/* Begin PBXShellScriptBuildPhase section */
		12060DA1EA6C5EC320C1D714 /* [CP] Embed Pods Frameworks */ = {
			isa = PBXShellScriptBuildPhase;
			buildActionMask = 2147483647;
			files = (
			);
			inputFileListPaths = (
				"${PODS_ROOT}/Target Support Files/Pods-youtubeApp-youtubeAppUITests/Pods-youtubeApp-youtubeAppUITests-frameworks-${CONFIGURATION}-input-files.xcfilelist",
			);
			name = "[CP] Embed Pods Frameworks";
			outputFileListPaths = (
				"${PODS_ROOT}/Target Support Files/Pods-youtubeApp-youtubeAppUITests/Pods-youtubeApp-youtubeAppUITests-frameworks-${CONFIGURATION}-output-files.xcfilelist",
			);
			runOnlyForDeploymentPostprocessing = 0;
			shellPath = /bin/sh;
			shellScript = "\"${PODS_ROOT}/Target Support Files/Pods-youtubeApp-youtubeAppUITests/Pods-youtubeApp-youtubeAppUITests-frameworks.sh\"\n";
			showEnvVarsInLog = 0;
		};
		34AC78FA478AFB59913907B2 /* [CP] Embed Pods Frameworks */ = {
			isa = PBXShellScriptBuildPhase;
			buildActionMask = 2147483647;
			files = (
			);
			inputFileListPaths = (
				"${PODS_ROOT}/Target Support Files/Pods-youtubeApp/Pods-youtubeApp-frameworks-${CONFIGURATION}-input-files.xcfilelist",
			);
			name = "[CP] Embed Pods Frameworks";
			outputFileListPaths = (
				"${PODS_ROOT}/Target Support Files/Pods-youtubeApp/Pods-youtubeApp-frameworks-${CONFIGURATION}-output-files.xcfilelist",
			);
			runOnlyForDeploymentPostprocessing = 0;
			shellPath = /bin/sh;
			shellScript = "\"${PODS_ROOT}/Target Support Files/Pods-youtubeApp/Pods-youtubeApp-frameworks.sh\"\n";
			showEnvVarsInLog = 0;
		};
		62A1F8EF01D2729B4E5D0519 /* [CP] Check Pods Manifest.lock */ = {
			isa = PBXShellScriptBuildPhase;
			buildActionMask = 2147483647;
			files = (
			);
			inputFileListPaths = (
			);
			inputPaths = (
				"${PODS_PODFILE_DIR_PATH}/Podfile.lock",
				"${PODS_ROOT}/Manifest.lock",
			);
			name = "[CP] Check Pods Manifest.lock";
			outputFileListPaths = (
			);
			outputPaths = (
				"$(DERIVED_FILE_DIR)/Pods-youtubeApp-checkManifestLockResult.txt",
			);
			runOnlyForDeploymentPostprocessing = 0;
			shellPath = /bin/sh;
			shellScript = "diff \"${PODS_PODFILE_DIR_PATH}/Podfile.lock\" \"${PODS_ROOT}/Manifest.lock\" > /dev/null\nif [ $? != 0 ] ; then\n    # print error to STDERR\n    echo \"error: The sandbox is not in sync with the Podfile.lock. Run 'pod install' or update your CocoaPods installation.\" >&2\n    exit 1\nfi\n# This output is used by Xcode 'outputs' to avoid re-running this script phase.\necho \"SUCCESS\" > \"${SCRIPT_OUTPUT_FILE_0}\"\n";
			showEnvVarsInLog = 0;
		};
		86A8589BE72CC4454557C55D /* [CP] Check Pods Manifest.lock */ = {
			isa = PBXShellScriptBuildPhase;
			buildActionMask = 2147483647;
			files = (
			);
			inputFileListPaths = (
			);
			inputPaths = (
				"${PODS_PODFILE_DIR_PATH}/Podfile.lock",
				"${PODS_ROOT}/Manifest.lock",
			);
			name = "[CP] Check Pods Manifest.lock";
			outputFileListPaths = (
			);
			outputPaths = (
				"$(DERIVED_FILE_DIR)/Pods-youtubeAppTests-checkManifestLockResult.txt",
			);
			runOnlyForDeploymentPostprocessing = 0;
			shellPath = /bin/sh;
			shellScript = "diff \"${PODS_PODFILE_DIR_PATH}/Podfile.lock\" \"${PODS_ROOT}/Manifest.lock\" > /dev/null\nif [ $? != 0 ] ; then\n    # print error to STDERR\n    echo \"error: The sandbox is not in sync with the Podfile.lock. Run 'pod install' or update your CocoaPods installation.\" >&2\n    exit 1\nfi\n# This output is used by Xcode 'outputs' to avoid re-running this script phase.\necho \"SUCCESS\" > \"${SCRIPT_OUTPUT_FILE_0}\"\n";
			showEnvVarsInLog = 0;
		};
		896BDC4E3D2E05BEAC97A7EE /* [CP] Check Pods Manifest.lock */ = {
			isa = PBXShellScriptBuildPhase;
			buildActionMask = 2147483647;
			files = (
			);
			inputFileListPaths = (
			);
			inputPaths = (
				"${PODS_PODFILE_DIR_PATH}/Podfile.lock",
				"${PODS_ROOT}/Manifest.lock",
			);
			name = "[CP] Check Pods Manifest.lock";
			outputFileListPaths = (
			);
			outputPaths = (
				"$(DERIVED_FILE_DIR)/Pods-youtubeApp-youtubeAppUITests-checkManifestLockResult.txt",
			);
			runOnlyForDeploymentPostprocessing = 0;
			shellPath = /bin/sh;
			shellScript = "diff \"${PODS_PODFILE_DIR_PATH}/Podfile.lock\" \"${PODS_ROOT}/Manifest.lock\" > /dev/null\nif [ $? != 0 ] ; then\n    # print error to STDERR\n    echo \"error: The sandbox is not in sync with the Podfile.lock. Run 'pod install' or update your CocoaPods installation.\" >&2\n    exit 1\nfi\n# This output is used by Xcode 'outputs' to avoid re-running this script phase.\necho \"SUCCESS\" > \"${SCRIPT_OUTPUT_FILE_0}\"\n";
			showEnvVarsInLog = 0;
		};
/* End PBXShellScriptBuildPhase section */

/* Begin PBXSourcesBuildPhase section */
		E2BDEB9124FF625900E6F837 /* Sources */ = {
			isa = PBXSourcesBuildPhase;
			buildActionMask = 2147483647;
			files = (
				E26EDC49250F4C8B0081EB45 /* SignUpViewController.swift in Sources */,
				E2BDEB9D24FF625900E6F837 /* ViewController.swift in Sources */,
				E26EDC4F2510866A0081EB45 /* Utilities.swift in Sources */,
				E2BDEB9924FF625900E6F837 /* AppDelegate.swift in Sources */,
				E26EDBBF25035DB30081EB45 /* CasheManager.swift in Sources */,
				E2BDEB9B24FF625900E6F837 /* SceneDelegate.swift in Sources */,
				E2BDEBCD2500E38900E6F837 /* Model.swift in Sources */,
				E2BDEBC92500E11500E6F837 /* Constants.swift in Sources */,
				E26EDBB7250349050081EB45 /* VideoTableViewCell.swift in Sources */,
				E26EDC4B250F4C9A0081EB45 /* LogInViewController.swift in Sources */,
				E26EDBC1250362A20081EB45 /* DetailViewController.swift in Sources */,
				E2BDEBCB2500E34700E6F837 /* Video.swift in Sources */,
				E26EDC4D250F99960081EB45 /* HomeViewController.swift in Sources */,
				E26EDBB525010D500081EB45 /* Response.swift in Sources */,
			);
			runOnlyForDeploymentPostprocessing = 0;
		};
		E2BDEBA724FF625B00E6F837 /* Sources */ = {
			isa = PBXSourcesBuildPhase;
			buildActionMask = 2147483647;
			files = (
				E2BDEBB024FF625B00E6F837 /* youtubeAppTests.swift in Sources */,
			);
			runOnlyForDeploymentPostprocessing = 0;
		};
		E2BDEBB224FF625B00E6F837 /* Sources */ = {
			isa = PBXSourcesBuildPhase;
			buildActionMask = 2147483647;
			files = (
				E2BDEBBB24FF625B00E6F837 /* youtubeAppUITests.swift in Sources */,
			);
			runOnlyForDeploymentPostprocessing = 0;
		};
/* End PBXSourcesBuildPhase section */

/* Begin PBXTargetDependency section */
		E2BDEBAD24FF625B00E6F837 /* PBXTargetDependency */ = {
			isa = PBXTargetDependency;
			target = E2BDEB9424FF625900E6F837 /* youtubeApp */;
			targetProxy = E2BDEBAC24FF625B00E6F837 /* PBXContainerItemProxy */;
		};
		E2BDEBB824FF625B00E6F837 /* PBXTargetDependency */ = {
			isa = PBXTargetDependency;
			target = E2BDEB9424FF625900E6F837 /* youtubeApp */;
			targetProxy = E2BDEBB724FF625B00E6F837 /* PBXContainerItemProxy */;
		};
/* End PBXTargetDependency section */

/* Begin PBXVariantGroup section */
		E2BDEB9E24FF625900E6F837 /* Main.storyboard */ = {
			isa = PBXVariantGroup;
			children = (
				E2BDEB9F24FF625900E6F837 /* Base */,
			);
			name = Main.storyboard;
			sourceTree = "<group>";
		};
		E2BDEBA324FF625B00E6F837 /* LaunchScreen.storyboard */ = {
			isa = PBXVariantGroup;
			children = (
				E2BDEBA424FF625B00E6F837 /* Base */,
			);
			name = LaunchScreen.storyboard;
			sourceTree = "<group>";
		};
/* End PBXVariantGroup section */

/* Begin XCBuildConfiguration section */
		E2BDEBBD24FF625B00E6F837 /* Debug */ = {
			isa = XCBuildConfiguration;
			buildSettings = {
				ALWAYS_SEARCH_USER_PATHS = NO;
				CLANG_ANALYZER_NONNULL = YES;
				CLANG_ANALYZER_NUMBER_OBJECT_CONVERSION = YES_AGGRESSIVE;
				CLANG_CXX_LANGUAGE_STANDARD = "gnu++14";
				CLANG_CXX_LIBRARY = "libc++";
				CLANG_ENABLE_MODULES = YES;
				CLANG_ENABLE_OBJC_ARC = YES;
				CLANG_ENABLE_OBJC_WEAK = YES;
				CLANG_WARN_BLOCK_CAPTURE_AUTORELEASING = YES;
				CLANG_WARN_BOOL_CONVERSION = YES;
				CLANG_WARN_COMMA = YES;
				CLANG_WARN_CONSTANT_CONVERSION = YES;
				CLANG_WARN_DEPRECATED_OBJC_IMPLEMENTATIONS = YES;
				CLANG_WARN_DIRECT_OBJC_ISA_USAGE = YES_ERROR;
				CLANG_WARN_DOCUMENTATION_COMMENTS = YES;
				CLANG_WARN_EMPTY_BODY = YES;
				CLANG_WARN_ENUM_CONVERSION = YES;
				CLANG_WARN_INFINITE_RECURSION = YES;
				CLANG_WARN_INT_CONVERSION = YES;
				CLANG_WARN_NON_LITERAL_NULL_CONVERSION = YES;
				CLANG_WARN_OBJC_IMPLICIT_RETAIN_SELF = YES;
				CLANG_WARN_OBJC_LITERAL_CONVERSION = YES;
				CLANG_WARN_OBJC_ROOT_CLASS = YES_ERROR;
				CLANG_WARN_QUOTED_INCLUDE_IN_FRAMEWORK_HEADER = YES;
				CLANG_WARN_RANGE_LOOP_ANALYSIS = YES;
				CLANG_WARN_STRICT_PROTOTYPES = YES;
				CLANG_WARN_SUSPICIOUS_MOVE = YES;
				CLANG_WARN_UNGUARDED_AVAILABILITY = YES_AGGRESSIVE;
				CLANG_WARN_UNREACHABLE_CODE = YES;
				CLANG_WARN__DUPLICATE_METHOD_MATCH = YES;
				COPY_PHASE_STRIP = NO;
				DEBUG_INFORMATION_FORMAT = dwarf;
				ENABLE_STRICT_OBJC_MSGSEND = YES;
				ENABLE_TESTABILITY = YES;
				GCC_C_LANGUAGE_STANDARD = gnu11;
				GCC_DYNAMIC_NO_PIC = NO;
				GCC_NO_COMMON_BLOCKS = YES;
				GCC_OPTIMIZATION_LEVEL = 0;
				GCC_PREPROCESSOR_DEFINITIONS = (
					"DEBUG=1",
					"$(inherited)",
				);
				GCC_WARN_64_TO_32_BIT_CONVERSION = YES;
				GCC_WARN_ABOUT_RETURN_TYPE = YES_ERROR;
				GCC_WARN_UNDECLARED_SELECTOR = YES;
				GCC_WARN_UNINITIALIZED_AUTOS = YES_AGGRESSIVE;
				GCC_WARN_UNUSED_FUNCTION = YES;
				GCC_WARN_UNUSED_VARIABLE = YES;
				IPHONEOS_DEPLOYMENT_TARGET = 13.6;
				MTL_ENABLE_DEBUG_INFO = INCLUDE_SOURCE;
				MTL_FAST_MATH = YES;
				ONLY_ACTIVE_ARCH = YES;
				SDKROOT = iphoneos;
				SWIFT_ACTIVE_COMPILATION_CONDITIONS = DEBUG;
				SWIFT_OPTIMIZATION_LEVEL = "-Onone";
			};
			name = Debug;
		};
		E2BDEBBE24FF625B00E6F837 /* Release */ = {
			isa = XCBuildConfiguration;
			buildSettings = {
				ALWAYS_SEARCH_USER_PATHS = NO;
				CLANG_ANALYZER_NONNULL = YES;
				CLANG_ANALYZER_NUMBER_OBJECT_CONVERSION = YES_AGGRESSIVE;
				CLANG_CXX_LANGUAGE_STANDARD = "gnu++14";
				CLANG_CXX_LIBRARY = "libc++";
				CLANG_ENABLE_MODULES = YES;
				CLANG_ENABLE_OBJC_ARC = YES;
				CLANG_ENABLE_OBJC_WEAK = YES;
				CLANG_WARN_BLOCK_CAPTURE_AUTORELEASING = YES;
				CLANG_WARN_BOOL_CONVERSION = YES;
				CLANG_WARN_COMMA = YES;
				CLANG_WARN_CONSTANT_CONVERSION = YES;
				CLANG_WARN_DEPRECATED_OBJC_IMPLEMENTATIONS = YES;
				CLANG_WARN_DIRECT_OBJC_ISA_USAGE = YES_ERROR;
				CLANG_WARN_DOCUMENTATION_COMMENTS = YES;
				CLANG_WARN_EMPTY_BODY = YES;
				CLANG_WARN_ENUM_CONVERSION = YES;
				CLANG_WARN_INFINITE_RECURSION = YES;
				CLANG_WARN_INT_CONVERSION = YES;
				CLANG_WARN_NON_LITERAL_NULL_CONVERSION = YES;
				CLANG_WARN_OBJC_IMPLICIT_RETAIN_SELF = YES;
				CLANG_WARN_OBJC_LITERAL_CONVERSION = YES;
				CLANG_WARN_OBJC_ROOT_CLASS = YES_ERROR;
				CLANG_WARN_QUOTED_INCLUDE_IN_FRAMEWORK_HEADER = YES;
				CLANG_WARN_RANGE_LOOP_ANALYSIS = YES;
				CLANG_WARN_STRICT_PROTOTYPES = YES;
				CLANG_WARN_SUSPICIOUS_MOVE = YES;
				CLANG_WARN_UNGUARDED_AVAILABILITY = YES_AGGRESSIVE;
				CLANG_WARN_UNREACHABLE_CODE = YES;
				CLANG_WARN__DUPLICATE_METHOD_MATCH = YES;
				COPY_PHASE_STRIP = NO;
				DEBUG_INFORMATION_FORMAT = "dwarf-with-dsym";
				ENABLE_NS_ASSERTIONS = NO;
				ENABLE_STRICT_OBJC_MSGSEND = YES;
				GCC_C_LANGUAGE_STANDARD = gnu11;
				GCC_NO_COMMON_BLOCKS = YES;
				GCC_WARN_64_TO_32_BIT_CONVERSION = YES;
				GCC_WARN_ABOUT_RETURN_TYPE = YES_ERROR;
				GCC_WARN_UNDECLARED_SELECTOR = YES;
				GCC_WARN_UNINITIALIZED_AUTOS = YES_AGGRESSIVE;
				GCC_WARN_UNUSED_FUNCTION = YES;
				GCC_WARN_UNUSED_VARIABLE = YES;
				IPHONEOS_DEPLOYMENT_TARGET = 13.6;
				MTL_ENABLE_DEBUG_INFO = NO;
				MTL_FAST_MATH = YES;
				SDKROOT = iphoneos;
				SWIFT_COMPILATION_MODE = wholemodule;
				SWIFT_OPTIMIZATION_LEVEL = "-O";
				VALIDATE_PRODUCT = YES;
			};
			name = Release;
		};
		E2BDEBC024FF625B00E6F837 /* Debug */ = {
			isa = XCBuildConfiguration;
			baseConfigurationReference = 0989018D60E6880E827D8077 /* Pods-youtubeApp.debug.xcconfig */;
			buildSettings = {
				ASSETCATALOG_COMPILER_APPICON_NAME = AppIcon;
				CODE_SIGN_STYLE = Automatic;
				DEVELOPMENT_TEAM = NBGM5QU346;
				INFOPLIST_FILE = youtubeApp/Info.plist;
				LD_RUNPATH_SEARCH_PATHS = (
					"$(inherited)",
					"@executable_path/Frameworks",
				);
				PRODUCT_BUNDLE_IDENTIFIER = rocky.youtubeApp;
				PRODUCT_NAME = "$(TARGET_NAME)";
				SWIFT_VERSION = 5.0;
				TARGETED_DEVICE_FAMILY = "1,2";
			};
			name = Debug;
		};
		E2BDEBC124FF625B00E6F837 /* Release */ = {
			isa = XCBuildConfiguration;
			baseConfigurationReference = 31ED92E1238D57F2A391B664 /* Pods-youtubeApp.release.xcconfig */;
			buildSettings = {
				ASSETCATALOG_COMPILER_APPICON_NAME = AppIcon;
				CODE_SIGN_STYLE = Automatic;
				DEVELOPMENT_TEAM = NBGM5QU346;
				INFOPLIST_FILE = youtubeApp/Info.plist;
				LD_RUNPATH_SEARCH_PATHS = (
					"$(inherited)",
					"@executable_path/Frameworks",
				);
				PRODUCT_BUNDLE_IDENTIFIER = rocky.youtubeApp;
				PRODUCT_NAME = "$(TARGET_NAME)";
				SWIFT_VERSION = 5.0;
				TARGETED_DEVICE_FAMILY = "1,2";
			};
			name = Release;
		};
		E2BDEBC324FF625B00E6F837 /* Debug */ = {
			isa = XCBuildConfiguration;
			baseConfigurationReference = BA6ABB6C7A8303137F01A794 /* Pods-youtubeAppTests.debug.xcconfig */;
			buildSettings = {
				ALWAYS_EMBED_SWIFT_STANDARD_LIBRARIES = YES;
				BUNDLE_LOADER = "$(TEST_HOST)";
				CODE_SIGN_STYLE = Automatic;
				INFOPLIST_FILE = youtubeAppTests/Info.plist;
				IPHONEOS_DEPLOYMENT_TARGET = 13.6;
				LD_RUNPATH_SEARCH_PATHS = (
					"$(inherited)",
					"@executable_path/Frameworks",
					"@loader_path/Frameworks",
				);
				PRODUCT_BUNDLE_IDENTIFIER = rocky.youtubeAppTests;
				PRODUCT_NAME = "$(TARGET_NAME)";
				SWIFT_VERSION = 5.0;
				TARGETED_DEVICE_FAMILY = "1,2";
				TEST_HOST = "$(BUILT_PRODUCTS_DIR)/youtubeApp.app/youtubeApp";
			};
			name = Debug;
		};
		E2BDEBC424FF625B00E6F837 /* Release */ = {
			isa = XCBuildConfiguration;
			baseConfigurationReference = A48A058C0EAB8D0C46FC4B3B /* Pods-youtubeAppTests.release.xcconfig */;
			buildSettings = {
				ALWAYS_EMBED_SWIFT_STANDARD_LIBRARIES = YES;
				BUNDLE_LOADER = "$(TEST_HOST)";
				CODE_SIGN_STYLE = Automatic;
				INFOPLIST_FILE = youtubeAppTests/Info.plist;
				IPHONEOS_DEPLOYMENT_TARGET = 13.6;
				LD_RUNPATH_SEARCH_PATHS = (
					"$(inherited)",
					"@executable_path/Frameworks",
					"@loader_path/Frameworks",
				);
				PRODUCT_BUNDLE_IDENTIFIER = rocky.youtubeAppTests;
				PRODUCT_NAME = "$(TARGET_NAME)";
				SWIFT_VERSION = 5.0;
				TARGETED_DEVICE_FAMILY = "1,2";
				TEST_HOST = "$(BUILT_PRODUCTS_DIR)/youtubeApp.app/youtubeApp";
			};
			name = Release;
		};
		E2BDEBC624FF625B00E6F837 /* Debug */ = {
			isa = XCBuildConfiguration;
			baseConfigurationReference = BAFB476F4EE324FF9EE91FBF /* Pods-youtubeApp-youtubeAppUITests.debug.xcconfig */;
			buildSettings = {
				ALWAYS_EMBED_SWIFT_STANDARD_LIBRARIES = YES;
				CODE_SIGN_STYLE = Automatic;
				INFOPLIST_FILE = youtubeAppUITests/Info.plist;
				LD_RUNPATH_SEARCH_PATHS = (
					"$(inherited)",
					"@executable_path/Frameworks",
					"@loader_path/Frameworks",
				);
				PRODUCT_BUNDLE_IDENTIFIER = rocky.youtubeAppUITests;
				PRODUCT_NAME = "$(TARGET_NAME)";
				SWIFT_VERSION = 5.0;
				TARGETED_DEVICE_FAMILY = "1,2";
				TEST_TARGET_NAME = youtubeApp;
			};
			name = Debug;
		};
		E2BDEBC724FF625B00E6F837 /* Release */ = {
			isa = XCBuildConfiguration;
			baseConfigurationReference = 5CE1887F439B9D935BC6BA86 /* Pods-youtubeApp-youtubeAppUITests.release.xcconfig */;
			buildSettings = {
				ALWAYS_EMBED_SWIFT_STANDARD_LIBRARIES = YES;
				CODE_SIGN_STYLE = Automatic;
				INFOPLIST_FILE = youtubeAppUITests/Info.plist;
				LD_RUNPATH_SEARCH_PATHS = (
					"$(inherited)",
					"@executable_path/Frameworks",
					"@loader_path/Frameworks",
				);
				PRODUCT_BUNDLE_IDENTIFIER = rocky.youtubeAppUITests;
				PRODUCT_NAME = "$(TARGET_NAME)";
				SWIFT_VERSION = 5.0;
				TARGETED_DEVICE_FAMILY = "1,2";
				TEST_TARGET_NAME = youtubeApp;
			};
			name = Release;
		};
/* End XCBuildConfiguration section */

/* Begin XCConfigurationList section */
		E2BDEB9024FF625900E6F837 /* Build configuration list for PBXProject "youtubeApp" */ = {
			isa = XCConfigurationList;
			buildConfigurations = (
				E2BDEBBD24FF625B00E6F837 /* Debug */,
				E2BDEBBE24FF625B00E6F837 /* Release */,
			);
			defaultConfigurationIsVisible = 0;
			defaultConfigurationName = Release;
		};
		E2BDEBBF24FF625B00E6F837 /* Build configuration list for PBXNativeTarget "youtubeApp" */ = {
			isa = XCConfigurationList;
			buildConfigurations = (
				E2BDEBC024FF625B00E6F837 /* Debug */,
				E2BDEBC124FF625B00E6F837 /* Release */,
			);
			defaultConfigurationIsVisible = 0;
			defaultConfigurationName = Release;
		};
		E2BDEBC224FF625B00E6F837 /* Build configuration list for PBXNativeTarget "youtubeAppTests" */ = {
			isa = XCConfigurationList;
			buildConfigurations = (
				E2BDEBC324FF625B00E6F837 /* Debug */,
				E2BDEBC424FF625B00E6F837 /* Release */,
			);
			defaultConfigurationIsVisible = 0;
			defaultConfigurationName = Release;
		};
		E2BDEBC524FF625B00E6F837 /* Build configuration list for PBXNativeTarget "youtubeAppUITests" */ = {
			isa = XCConfigurationList;
			buildConfigurations = (
				E2BDEBC624FF625B00E6F837 /* Debug */,
				E2BDEBC724FF625B00E6F837 /* Release */,
			);
			defaultConfigurationIsVisible = 0;
			defaultConfigurationName = Release;
		};
/* End XCConfigurationList section */
	};
	rootObject = E2BDEB8D24FF625900E6F837 /* Project object */;
}
